# This file was autogenerated by Stack.
# You should not edit this file by hand.
# For more information, please see the documentation at:
#   https://docs.haskellstack.org/en/stable/lock_files

packages:
- completed:
    hackage: brick-2.1@sha256:068105a24b10d5a1d13c3778ba50dba4caa92216627da47e2bd7531fb0f4b94d,17383
    pantry-tree:
      sha256: 5b19b7f217f7e14a1ad20be21bba5815f95f5a5fc08c4002ed4fbcf1afe48b6c
      size: 4671
  original:
    hackage: brick-2.1
- completed:
    hackage: vty-6.1@sha256:524d124223c02373260ebc409ddd622fbe97cacd1ea0ee98476b5992bddbc4f3,3661
    pantry-tree:
      sha256: 4ed3b229066617a0f3429b7b7dadc8e01d14111ac675801053cd35fbb6ee3f14
      size: 2104
  original:
    hackage: vty-6.1
- completed:
    hackage: vty-unix-0.2.0.0@sha256:2af3d0bdae3c4b7b7e567ee374efe32c7439fabdf9096465ce011a6c6736e9ae,2932
    pantry-tree:
      sha256: 0e3dd52406c263fd4b54d03123e71423d1ef6939fb8c179745486243c519fdf7
      size: 1926
  original:
    hackage: vty-unix-0.2.0.0
- completed:
    hackage: vty-crossplatform-0.4.0.0@sha256:50593f91ad16777d921138475a8d2784d538fd206addd30664c620278d6c8544,3172
    pantry-tree:
      sha256: ff010cf0ab3f48c43432268a00113e051599285d6ed60cfada7f53e44dbe00f8
      size: 582
  original:
    hackage: vty-crossplatform-0.4.0.0
snapshots:
- completed:
    sha256: afd5ba64ab602cabc2d3942d3d7e7dd6311bc626dcb415b901eaf576cb62f0ea
    size: 640060
    url: https://raw.githubusercontent.com/commercialhaskell/stackage-snapshots/master/lts/21/22.yaml
  original:
    url: https://raw.githubusercontent.com/commercialhaskell/stackage-snapshots/master/lts/21/22.yaml
